# This file is generated by running "yarn install" inside your project.
# Manual changes might be lost - proceed with caution!

__metadata:
  version: 8
  cacheKey: 10c0

"@actions/core@npm:^1.10.1":
  version: 1.10.1
  resolution: "@actions/core@npm:1.10.1"
  dependencies:
    "@actions/http-client": "npm:^2.0.1"
    uuid: "npm:^8.3.2"
  checksum: 10c0/7a61446697a23dcad3545cf0634dedbdedf20ae9a0ee6ee977554589a15deb4a93593ee48a41258933d58ce0778f446b0d2c162b60750956fb75e0b9560fb832
  languageName: node
  linkType: hard

"@actions/http-client@npm:^2.0.1":
  version: 2.2.1
  resolution: "@actions/http-client@npm:2.2.1"
  dependencies:
    tunnel: "npm:^0.0.6"
    undici: "npm:^5.25.4"
  checksum: 10c0/371771e68fcfe1383e59657eb5bc421aba5e1826f5e497efd826236b64fc1ff11f0bc91f936d7f1086f6bb3fd209736425a4d357b98fdfb7a8d054cbb84680e8
  languageName: node
  linkType: hard

"@fastify/busboy@npm:^2.0.0":
  version: 2.1.1
  resolution: "@fastify/busboy@npm:2.1.1"
  checksum: 10c0/6f8027a8cba7f8f7b736718b013f5a38c0476eea67034c94a0d3c375e2b114366ad4419e6a6fa7ffc2ef9c6d3e0435d76dd584a7a1cbac23962fda7650b579e3
  languageName: node
  linkType: hard

"@hey-api/client-fetch@npm:=0.10.0":
  version: 0.10.0
  resolution: "@hey-api/client-fetch@npm:0.10.0"
  peerDependencies:
    "@hey-api/openapi-ts": < 2
  checksum: 10c0/57fee58375f92599a4c4d439466225318a40ce0318059058a25eb9956d351f328987dde6f6dea548396e8e176be59c6c8c8fe77b5400de017f1b8433604972b1
  languageName: node
  linkType: hard

"@hey-api/json-schema-ref-parser@npm:1.0.5":
  version: 1.0.5
  resolution: "@hey-api/json-schema-ref-parser@npm:1.0.5"
  dependencies:
    "@jsdevtools/ono": "npm:^7.1.3"
    "@types/json-schema": "npm:^7.0.15"
    js-yaml: "npm:^4.1.0"
    lodash: "npm:^4.17.21"
  checksum: 10c0/6b74c6a4dae87bf0890a87931aebdcb73983713b6bbe0093dafad746736bbbe40882cefdf37ffbe50d63173254be076c26633359b6913e283bcf66dc9e3a27d0
  languageName: node
  linkType: hard

"@hey-api/openapi-ts@npm:=0.66.7":
  version: 0.66.7
  resolution: "@hey-api/openapi-ts@npm:0.66.7"
  dependencies:
    "@hey-api/json-schema-ref-parser": "npm:1.0.5"
    c12: "npm:2.0.1"
    commander: "npm:13.0.0"
    handlebars: "npm:4.7.8"
  peerDependencies:
    typescript: ^5.5.3
  bin:
    openapi-ts: bin/index.cjs
  checksum: 10c0/4f630dee0f859a2344b1e7d7aa8e61d1d7c8700a3dc1cf44559967c86c7e8a4a81414f680096f58ec54a5321f302e3f9862a1aa797c7098d3197f5caa08cdd61
  languageName: node
  linkType: hard

"@jsdevtools/ono@npm:^7.1.3":
  version: 7.1.3
  resolution: "@jsdevtools/ono@npm:7.1.3"
  checksum: 10c0/a9f7e3e8e3bc315a34959934a5e2f874c423cf4eae64377d3fc9de0400ed9f36cb5fd5ebce3300d2e8f4085f557c4a8b591427a583729a87841fda46e6c216b9
  languageName: node
  linkType: hard

"@navikt/openapi-ts-clientmaker@workspace:.":
  version: 0.0.0-use.local
  resolution: "@navikt/openapi-ts-clientmaker@workspace:."
  dependencies:
    "@actions/core": "npm:^1.10.1"
    "@hey-api/client-fetch": "npm:=0.10.0"
    "@hey-api/openapi-ts": "npm:=0.66.7"
    "@types/node": "npm:^20.17.31"
    ts-morph: "npm:^22.0.0"
    typescript: "npm:^5.8.3"
  languageName: unknown
  linkType: soft

"@nodelib/fs.scandir@npm:2.1.5":
  version: 2.1.5
  resolution: "@nodelib/fs.scandir@npm:2.1.5"
  dependencies:
    "@nodelib/fs.stat": "npm:2.0.5"
    run-parallel: "npm:^1.1.9"
  checksum: 10c0/732c3b6d1b1e967440e65f284bd06e5821fedf10a1bea9ed2bb75956ea1f30e08c44d3def9d6a230666574edbaf136f8cfd319c14fd1f87c66e6a44449afb2eb
  languageName: node
  linkType: hard

"@nodelib/fs.stat@npm:2.0.5, @nodelib/fs.stat@npm:^2.0.2":
  version: 2.0.5
  resolution: "@nodelib/fs.stat@npm:2.0.5"
  checksum: 10c0/88dafe5e3e29a388b07264680dc996c17f4bda48d163a9d4f5c1112979f0ce8ec72aa7116122c350b4e7976bc5566dc3ddb579be1ceaacc727872eb4ed93926d
  languageName: node
  linkType: hard

"@nodelib/fs.walk@npm:^1.2.3":
  version: 1.2.8
  resolution: "@nodelib/fs.walk@npm:1.2.8"
  dependencies:
    "@nodelib/fs.scandir": "npm:2.1.5"
    fastq: "npm:^1.6.0"
  checksum: 10c0/db9de047c3bb9b51f9335a7bb46f4fcfb6829fb628318c12115fbaf7d369bfce71c15b103d1fc3b464812d936220ee9bc1c8f762d032c9f6be9acc99249095b1
  languageName: node
  linkType: hard

"@ts-morph/common@npm:~0.23.0":
  version: 0.23.0
  resolution: "@ts-morph/common@npm:0.23.0"
  dependencies:
    fast-glob: "npm:^3.3.2"
    minimatch: "npm:^9.0.3"
    mkdirp: "npm:^3.0.1"
    path-browserify: "npm:^1.0.1"
  checksum: 10c0/80d8f230618b022537846b515cb928c636004f216821bec7fea289fd37533b4eaa783d276cc5838b4b6be867fec60fdee5795baac3ed98f1ab7cdd6b35a85179
  languageName: node
  linkType: hard

"@types/json-schema@npm:^7.0.15":
  version: 7.0.15
  resolution: "@types/json-schema@npm:7.0.15"
  checksum: 10c0/a996a745e6c5d60292f36731dd41341339d4eeed8180bb09226e5c8d23759067692b1d88e5d91d72ee83dfc00d3aca8e7bd43ea120516c17922cbcb7c3e252db
  languageName: node
  linkType: hard

"@types/node@npm:^20.17.31":
  version: 20.17.31
  resolution: "@types/node@npm:20.17.31"
  dependencies:
    undici-types: "npm:~6.19.2"
  checksum: 10c0/ab6fb60a7957bef39a9fcd3b9fbd8ea2f4a51d7b8522b0fd56e11b9fbbd3ff6cbd361e3bd510cdf9bbef54956332374c6646e28cce8ae597244623a0659153d0
  languageName: node
  linkType: hard

"acorn@npm:^8.11.3":
  version: 8.12.1
  resolution: "acorn@npm:8.12.1"
  bin:
    acorn: bin/acorn
  checksum: 10c0/51fb26cd678f914e13287e886da2d7021f8c2bc0ccc95e03d3e0447ee278dd3b40b9c57dc222acd5881adcf26f3edc40901a4953403232129e3876793cd17386
  languageName: node
  linkType: hard

"acorn@npm:^8.14.0":
  version: 8.14.1
  resolution: "acorn@npm:8.14.1"
  bin:
    acorn: bin/acorn
  checksum: 10c0/dbd36c1ed1d2fa3550140000371fcf721578095b18777b85a79df231ca093b08edc6858d75d6e48c73e431c174dcf9214edbd7e6fa5911b93bd8abfa54e47123
  languageName: node
  linkType: hard

"argparse@npm:^2.0.1":
  version: 2.0.1
  resolution: "argparse@npm:2.0.1"
  checksum: 10c0/c5640c2d89045371c7cedd6a70212a04e360fd34d6edeae32f6952c63949e3525ea77dbec0289d8213a99bbaeab5abfa860b5c12cf88a2e6cf8106e90dd27a7e
  languageName: node
  linkType: hard

"balanced-match@npm:^1.0.0":
  version: 1.0.2
  resolution: "balanced-match@npm:1.0.2"
  checksum: 10c0/9308baf0a7e4838a82bbfd11e01b1cb0f0cf2893bc1676c27c2a8c0e70cbae1c59120c3268517a8ae7fb6376b4639ef81ca22582611dbee4ed28df945134aaee
  languageName: node
  linkType: hard

"brace-expansion@npm:^2.0.1":
  version: 2.0.2
  resolution: "brace-expansion@npm:2.0.2"
  dependencies:
    balanced-match: "npm:^1.0.0"
  checksum: 10c0/6d117a4c793488af86b83172deb6af143e94c17bc53b0b3cec259733923b4ca84679d506ac261f4ba3c7ed37c46018e2ff442f9ce453af8643ecd64f4a54e6cf
  languageName: node
  linkType: hard

"braces@npm:^3.0.3":
  version: 3.0.3
  resolution: "braces@npm:3.0.3"
  dependencies:
    fill-range: "npm:^7.1.1"
  checksum: 10c0/7c6dfd30c338d2997ba77500539227b9d1f85e388a5f43220865201e407e076783d0881f2d297b9f80951b4c957fcf0b51c1d2d24227631643c3f7c284b0aa04
  languageName: node
  linkType: hard

"c12@npm:2.0.1":
  version: 2.0.1
  resolution: "c12@npm:2.0.1"
  dependencies:
    chokidar: "npm:^4.0.1"
    confbox: "npm:^0.1.7"
    defu: "npm:^6.1.4"
    dotenv: "npm:^16.4.5"
    giget: "npm:^1.2.3"
    jiti: "npm:^2.3.0"
    mlly: "npm:^1.7.1"
    ohash: "npm:^1.1.4"
    pathe: "npm:^1.1.2"
    perfect-debounce: "npm:^1.0.0"
    pkg-types: "npm:^1.2.0"
    rc9: "npm:^2.1.2"
  peerDependencies:
    magicast: ^0.3.5
  peerDependenciesMeta:
    magicast:
      optional: true
  checksum: 10c0/6a019047918102eda28c29988990fdf38aa88df05f94c5e06cbc501365dcdd80df2a7726d17d67882871ca931fd8d025a66d46bbc361275eeb0bcb849a06369a
  languageName: node
  linkType: hard

"chokidar@npm:^4.0.1":
  version: 4.0.3
  resolution: "chokidar@npm:4.0.3"
  dependencies:
    readdirp: "npm:^4.0.1"
  checksum: 10c0/a58b9df05bb452f7d105d9e7229ac82fa873741c0c40ddcc7bb82f8a909fbe3f7814c9ebe9bc9a2bef9b737c0ec6e2d699d179048ef06ad3ec46315df0ebe6ad
  languageName: node
  linkType: hard

"chownr@npm:^2.0.0":
  version: 2.0.0
  resolution: "chownr@npm:2.0.0"
  checksum: 10c0/594754e1303672171cc04e50f6c398ae16128eb134a88f801bf5354fd96f205320f23536a045d9abd8b51024a149696e51231565891d4efdab8846021ecf88e6
  languageName: node
  linkType: hard

"citty@npm:^0.1.6":
  version: 0.1.6
  resolution: "citty@npm:0.1.6"
  dependencies:
    consola: "npm:^3.2.3"
  checksum: 10c0/d26ad82a9a4a8858c7e149d90b878a3eceecd4cfd3e2ed3cd5f9a06212e451fb4f8cbe0fa39a3acb1b3e8f18e22db8ee5def5829384bad50e823d4b301609b48
  languageName: node
  linkType: hard

"code-block-writer@npm:^13.0.1":
  version: 13.0.1
  resolution: "code-block-writer@npm:13.0.1"
  checksum: 10c0/1ca0329032228aab4a8094148bc2b50fd8ff07a0e3f78c11986398951fc51c6bad24bc7236437e639ac95d4c3bb489c2f3c629dc5f21c22a3bca0daa41d64187
  languageName: node
  linkType: hard

"commander@npm:13.0.0":
  version: 13.0.0
  resolution: "commander@npm:13.0.0"
  checksum: 10c0/8ba1e2b83bfdbcefd967aa505f5f5dc58202aa5f8e10437f61f6980dd8a69f868dba439a261f9fb72fc543c5f6fe58140e37b001a4c70b92ae22527abe94dfe1
  languageName: node
  linkType: hard

"confbox@npm:^0.1.7":
  version: 0.1.7
  resolution: "confbox@npm:0.1.7"
  checksum: 10c0/18b40c2f652196a833f3f1a5db2326a8a579cd14eacabfe637e4fc8cb9b68d7cf296139a38c5e7c688ce5041bf46f9adce05932d43fde44cf7e012840b5da111
  languageName: node
  linkType: hard

"confbox@npm:^0.1.8":
  version: 0.1.8
  resolution: "confbox@npm:0.1.8"
  checksum: 10c0/fc2c68d97cb54d885b10b63e45bd8da83a8a71459d3ecf1825143dd4c7f9f1b696b3283e07d9d12a144c1301c2ebc7842380bdf0014e55acc4ae1c9550102418
  languageName: node
  linkType: hard

"consola@npm:^3.2.3":
  version: 3.2.3
  resolution: "consola@npm:3.2.3"
  checksum: 10c0/c606220524ec88a05bb1baf557e9e0e04a0c08a9c35d7a08652d99de195c4ddcb6572040a7df57a18ff38bbc13ce9880ad032d56630cef27bef72768ef0ac078
  languageName: node
  linkType: hard

"cross-spawn@npm:^7.0.3":
  version: 7.0.6
  resolution: "cross-spawn@npm:7.0.6"
  dependencies:
    path-key: "npm:^3.1.0"
    shebang-command: "npm:^2.0.0"
    which: "npm:^2.0.1"
  checksum: 10c0/053ea8b2135caff68a9e81470e845613e374e7309a47731e81639de3eaeb90c3d01af0e0b44d2ab9d50b43467223b88567dfeb3262db942dc063b9976718ffc1
  languageName: node
  linkType: hard

"defu@npm:^6.1.4":
  version: 6.1.4
  resolution: "defu@npm:6.1.4"
  checksum: 10c0/2d6cc366262dc0cb8096e429368e44052fdf43ed48e53ad84cc7c9407f890301aa5fcb80d0995abaaf842b3949f154d060be4160f7a46cb2bc2f7726c81526f5
  languageName: node
  linkType: hard

"destr@npm:^2.0.3":
  version: 2.0.3
  resolution: "destr@npm:2.0.3"
  checksum: 10c0/10e7eff5149e2839a4dd29a1e9617c3c675a3b53608d78d74fc6f4abc31daa977e6de08e0eea78965527a0d5a35467ae2f9624e0a4646d54aa1162caa094473e
  languageName: node
  linkType: hard

"dotenv@npm:^16.4.5":
  version: 16.4.5
  resolution: "dotenv@npm:16.4.5"
  checksum: 10c0/48d92870076832af0418b13acd6e5a5a3e83bb00df690d9812e94b24aff62b88ade955ac99a05501305b8dc8f1b0ee7638b18493deb6fe93d680e5220936292f
  languageName: node
  linkType: hard

"execa@npm:^8.0.1":
  version: 8.0.1
  resolution: "execa@npm:8.0.1"
  dependencies:
    cross-spawn: "npm:^7.0.3"
    get-stream: "npm:^8.0.1"
    human-signals: "npm:^5.0.0"
    is-stream: "npm:^3.0.0"
    merge-stream: "npm:^2.0.0"
    npm-run-path: "npm:^5.1.0"
    onetime: "npm:^6.0.0"
    signal-exit: "npm:^4.1.0"
    strip-final-newline: "npm:^3.0.0"
  checksum: 10c0/2c52d8775f5bf103ce8eec9c7ab3059909ba350a5164744e9947ed14a53f51687c040a250bda833f906d1283aa8803975b84e6c8f7a7c42f99dc8ef80250d1af
  languageName: node
  linkType: hard

"fast-glob@npm:^3.3.2":
  version: 3.3.2
  resolution: "fast-glob@npm:3.3.2"
  dependencies:
    "@nodelib/fs.stat": "npm:^2.0.2"
    "@nodelib/fs.walk": "npm:^1.2.3"
    glob-parent: "npm:^5.1.2"
    merge2: "npm:^1.3.0"
    micromatch: "npm:^4.0.4"
  checksum: 10c0/42baad7b9cd40b63e42039132bde27ca2cb3a4950d0a0f9abe4639ea1aa9d3e3b40f98b1fe31cbc0cc17b664c9ea7447d911a152fa34ec5b72977b125a6fc845
  languageName: node
  linkType: hard

"fastq@npm:^1.6.0":
  version: 1.17.1
  resolution: "fastq@npm:1.17.1"
  dependencies:
    reusify: "npm:^1.0.4"
  checksum: 10c0/1095f16cea45fb3beff558bb3afa74ca7a9250f5a670b65db7ed585f92b4b48381445cd328b3d87323da81e43232b5d5978a8201bde84e0cd514310f1ea6da34
  languageName: node
  linkType: hard

"fill-range@npm:^7.1.1":
  version: 7.1.1
  resolution: "fill-range@npm:7.1.1"
  dependencies:
    to-regex-range: "npm:^5.0.1"
  checksum: 10c0/b75b691bbe065472f38824f694c2f7449d7f5004aa950426a2c28f0306c60db9b880c0b0e4ed819997ffb882d1da02cfcfc819bddc94d71627f5269682edf018
  languageName: node
  linkType: hard

"fs-minipass@npm:^2.0.0":
  version: 2.1.0
  resolution: "fs-minipass@npm:2.1.0"
  dependencies:
    minipass: "npm:^3.0.0"
  checksum: 10c0/703d16522b8282d7299337539c3ed6edddd1afe82435e4f5b76e34a79cd74e488a8a0e26a636afc2440e1a23b03878e2122e3a2cfe375a5cf63c37d92b86a004
  languageName: node
  linkType: hard

"get-stream@npm:^8.0.1":
  version: 8.0.1
  resolution: "get-stream@npm:8.0.1"
  checksum: 10c0/5c2181e98202b9dae0bb4a849979291043e5892eb40312b47f0c22b9414fc9b28a3b6063d2375705eb24abc41ecf97894d9a51f64ff021511b504477b27b4290
  languageName: node
  linkType: hard

"giget@npm:^1.2.3":
  version: 1.2.3
  resolution: "giget@npm:1.2.3"
  dependencies:
    citty: "npm:^0.1.6"
    consola: "npm:^3.2.3"
    defu: "npm:^6.1.4"
    node-fetch-native: "npm:^1.6.3"
    nypm: "npm:^0.3.8"
    ohash: "npm:^1.1.3"
    pathe: "npm:^1.1.2"
    tar: "npm:^6.2.0"
  bin:
    giget: dist/cli.mjs
  checksum: 10c0/0e82836783c704346fdda83e23d144e97f28a959320b1d8ee73c69a5af562362bcb727cf6ad99f90e45ed8a6abec140833534bb1fedcaa1c06fa026daaf3119c
  languageName: node
  linkType: hard

"glob-parent@npm:^5.1.2":
  version: 5.1.2
  resolution: "glob-parent@npm:5.1.2"
  dependencies:
    is-glob: "npm:^4.0.1"
  checksum: 10c0/cab87638e2112bee3f839ef5f6e0765057163d39c66be8ec1602f3823da4692297ad4e972de876ea17c44d652978638d2fd583c6713d0eb6591706825020c9ee
  languageName: node
  linkType: hard

"handlebars@npm:4.7.8":
  version: 4.7.8
  resolution: "handlebars@npm:4.7.8"
  dependencies:
    minimist: "npm:^1.2.5"
    neo-async: "npm:^2.6.2"
    source-map: "npm:^0.6.1"
    uglify-js: "npm:^3.1.4"
    wordwrap: "npm:^1.0.0"
  dependenciesMeta:
    uglify-js:
      optional: true
  bin:
    handlebars: bin/handlebars
  checksum: 10c0/7aff423ea38a14bb379316f3857fe0df3c5d66119270944247f155ba1f08e07a92b340c58edaa00cfe985c21508870ee5183e0634dcb53dd405f35c93ef7f10d
  languageName: node
  linkType: hard

"human-signals@npm:^5.0.0":
  version: 5.0.0
  resolution: "human-signals@npm:5.0.0"
  checksum: 10c0/5a9359073fe17a8b58e5a085e9a39a950366d9f00217c4ff5878bd312e09d80f460536ea6a3f260b5943a01fe55c158d1cea3fc7bee3d0520aeef04f6d915c82
  languageName: node
  linkType: hard

"is-extglob@npm:^2.1.1":
  version: 2.1.1
  resolution: "is-extglob@npm:2.1.1"
  checksum: 10c0/5487da35691fbc339700bbb2730430b07777a3c21b9ebaecb3072512dfd7b4ba78ac2381a87e8d78d20ea08affb3f1971b4af629173a6bf435ff8a4c47747912
  languageName: node
  linkType: hard

"is-glob@npm:^4.0.1":
  version: 4.0.3
  resolution: "is-glob@npm:4.0.3"
  dependencies:
    is-extglob: "npm:^2.1.1"
  checksum: 10c0/17fb4014e22be3bbecea9b2e3a76e9e34ff645466be702f1693e8f1ee1adac84710d0be0bd9f967d6354036fd51ab7c2741d954d6e91dae6bb69714de92c197a
  languageName: node
  linkType: hard

"is-number@npm:^7.0.0":
  version: 7.0.0
  resolution: "is-number@npm:7.0.0"
  checksum: 10c0/b4686d0d3053146095ccd45346461bc8e53b80aeb7671cc52a4de02dbbf7dc0d1d2a986e2fe4ae206984b4d34ef37e8b795ebc4f4295c978373e6575e295d811
  languageName: node
  linkType: hard

"is-stream@npm:^3.0.0":
  version: 3.0.0
  resolution: "is-stream@npm:3.0.0"
  checksum: 10c0/eb2f7127af02ee9aa2a0237b730e47ac2de0d4e76a4a905a50a11557f2339df5765eaea4ceb8029f1efa978586abe776908720bfcb1900c20c6ec5145f6f29d8
  languageName: node
  linkType: hard

"isexe@npm:^2.0.0":
  version: 2.0.0
  resolution: "isexe@npm:2.0.0"
  checksum: 10c0/228cfa503fadc2c31596ab06ed6aa82c9976eec2bfd83397e7eaf06d0ccf42cd1dfd6743bf9aeb01aebd4156d009994c5f76ea898d2832c1fe342da923ca457d
  languageName: node
  linkType: hard

"jiti@npm:^2.3.0":
  version: 2.4.2
  resolution: "jiti@npm:2.4.2"
  bin:
    jiti: lib/jiti-cli.mjs
  checksum: 10c0/4ceac133a08c8faff7eac84aabb917e85e8257f5ad659e843004ce76e981c457c390a220881748ac67ba1b940b9b729b30fb85cbaf6e7989f04b6002c94da331
  languageName: node
  linkType: hard

"js-yaml@npm:^4.1.0":
  version: 4.1.0
  resolution: "js-yaml@npm:4.1.0"
  dependencies:
    argparse: "npm:^2.0.1"
  bin:
    js-yaml: bin/js-yaml.js
  checksum: 10c0/184a24b4eaacfce40ad9074c64fd42ac83cf74d8c8cd137718d456ced75051229e5061b8633c3366b8aada17945a7a356b337828c19da92b51ae62126575018f
  languageName: node
  linkType: hard

"lodash@npm:^4.17.21":
  version: 4.17.21
  resolution: "lodash@npm:4.17.21"
  checksum: 10c0/d8cbea072bb08655bb4c989da418994b073a608dffa608b09ac04b43a791b12aeae7cd7ad919aa4c925f33b48490b5cfe6c1f71d827956071dae2e7bb3a6b74c
  languageName: node
  linkType: hard

"merge-stream@npm:^2.0.0":
  version: 2.0.0
  resolution: "merge-stream@npm:2.0.0"
  checksum: 10c0/867fdbb30a6d58b011449b8885601ec1690c3e41c759ecd5a9d609094f7aed0096c37823ff4a7190ef0b8f22cc86beb7049196ff68c016e3b3c671d0dac91ce5
  languageName: node
  linkType: hard

"merge2@npm:^1.3.0":
  version: 1.4.1
  resolution: "merge2@npm:1.4.1"
  checksum: 10c0/254a8a4605b58f450308fc474c82ac9a094848081bf4c06778200207820e5193726dc563a0d2c16468810516a5c97d9d3ea0ca6585d23c58ccfff2403e8dbbeb
  languageName: node
  linkType: hard

"micromatch@npm:^4.0.4":
  version: 4.0.8
  resolution: "micromatch@npm:4.0.8"
  dependencies:
    braces: "npm:^3.0.3"
    picomatch: "npm:^2.3.1"
  checksum: 10c0/166fa6eb926b9553f32ef81f5f531d27b4ce7da60e5baf8c021d043b27a388fb95e46a8038d5045877881e673f8134122b59624d5cecbd16eb50a42e7a6b5ca8
  languageName: node
  linkType: hard

"mimic-fn@npm:^4.0.0":
  version: 4.0.0
  resolution: "mimic-fn@npm:4.0.0"
  checksum: 10c0/de9cc32be9996fd941e512248338e43407f63f6d497abe8441fa33447d922e927de54d4cc3c1a3c6d652857acd770389d5a3823f311a744132760ce2be15ccbf
  languageName: node
  linkType: hard

"minimatch@npm:^9.0.3":
  version: 9.0.4
  resolution: "minimatch@npm:9.0.4"
  dependencies:
    brace-expansion: "npm:^2.0.1"
  checksum: 10c0/2c16f21f50e64922864e560ff97c587d15fd491f65d92a677a344e970fe62aafdbeafe648965fa96d33c061b4d0eabfe0213466203dd793367e7f28658cf6414
  languageName: node
  linkType: hard

"minimist@npm:^1.2.5":
  version: 1.2.8
  resolution: "minimist@npm:1.2.8"
  checksum: 10c0/19d3fcdca050087b84c2029841a093691a91259a47def2f18222f41e7645a0b7c44ef4b40e88a1e58a40c84d2ef0ee6047c55594d298146d0eb3f6b737c20ce6
  languageName: node
  linkType: hard

"minipass@npm:^3.0.0":
  version: 3.3.6
  resolution: "minipass@npm:3.3.6"
  dependencies:
    yallist: "npm:^4.0.0"
  checksum: 10c0/a114746943afa1dbbca8249e706d1d38b85ed1298b530f5808ce51f8e9e941962e2a5ad2e00eae7dd21d8a4aae6586a66d4216d1a259385e9d0358f0c1eba16c
  languageName: node
  linkType: hard

"minipass@npm:^5.0.0":
  version: 5.0.0
  resolution: "minipass@npm:5.0.0"
  checksum: 10c0/a91d8043f691796a8ac88df039da19933ef0f633e3d7f0d35dcd5373af49131cf2399bfc355f41515dc495e3990369c3858cd319e5c2722b4753c90bf3152462
  languageName: node
  linkType: hard

"minizlib@npm:^2.1.1":
  version: 2.1.2
  resolution: "minizlib@npm:2.1.2"
  dependencies:
    minipass: "npm:^3.0.0"
    yallist: "npm:^4.0.0"
  checksum: 10c0/64fae024e1a7d0346a1102bb670085b17b7f95bf6cfdf5b128772ec8faf9ea211464ea4add406a3a6384a7d87a0cd1a96263692134323477b4fb43659a6cab78
  languageName: node
  linkType: hard

"mkdirp@npm:^1.0.3":
  version: 1.0.4
  resolution: "mkdirp@npm:1.0.4"
  bin:
    mkdirp: bin/cmd.js
  checksum: 10c0/46ea0f3ffa8bc6a5bc0c7081ffc3907777f0ed6516888d40a518c5111f8366d97d2678911ad1a6882bf592fa9de6c784fea32e1687bb94e1f4944170af48a5cf
  languageName: node
  linkType: hard

"mkdirp@npm:^3.0.1":
  version: 3.0.1
  resolution: "mkdirp@npm:3.0.1"
  bin:
    mkdirp: dist/cjs/src/bin.js
  checksum: 10c0/9f2b975e9246351f5e3a40dcfac99fcd0baa31fbfab615fe059fb11e51f10e4803c63de1f384c54d656e4db31d000e4767e9ef076a22e12a641357602e31d57d
  languageName: node
  linkType: hard

"mlly@npm:^1.7.1":
  version: 1.7.1
  resolution: "mlly@npm:1.7.1"
  dependencies:
    acorn: "npm:^8.11.3"
    pathe: "npm:^1.1.2"
    pkg-types: "npm:^1.1.1"
    ufo: "npm:^1.5.3"
  checksum: 10c0/d836a7b0adff4d118af41fb93ad4d9e57f80e694a681185280ba220a4607603c19e86c80f9a6c57512b04280567f2599e3386081705c5b5fd74c9ddfd571d0fa
  languageName: node
  linkType: hard

"mlly@npm:^1.7.4":
  version: 1.7.4
  resolution: "mlly@npm:1.7.4"
  dependencies:
    acorn: "npm:^8.14.0"
    pathe: "npm:^2.0.1"
    pkg-types: "npm:^1.3.0"
    ufo: "npm:^1.5.4"
  checksum: 10c0/69e738218a13d6365caf930e0ab4e2b848b84eec261597df9788cefb9930f3e40667be9cb58a4718834ba5f97a6efeef31d3b5a95f4388143fd4e0d0deff72ff
  languageName: node
  linkType: hard

"neo-async@npm:^2.6.2":
  version: 2.6.2
  resolution: "neo-async@npm:2.6.2"
  checksum: 10c0/c2f5a604a54a8ec5438a342e1f356dff4bc33ccccdb6dc668d94fe8e5eccfc9d2c2eea6064b0967a767ba63b33763f51ccf2cd2441b461a7322656c1f06b3f5d
  languageName: node
  linkType: hard

"node-fetch-native@npm:^1.6.3":
  version: 1.6.4
  resolution: "node-fetch-native@npm:1.6.4"
  checksum: 10c0/78334dc6def5d1d95cfe87b33ac76c4833592c5eb84779ad2b0c23c689f9dd5d1cfc827035ada72d6b8b218f717798968c5a99aeff0a1a8bf06657e80592f9c3
  languageName: node
  linkType: hard

"npm-run-path@npm:^5.1.0":
  version: 5.3.0
  resolution: "npm-run-path@npm:5.3.0"
  dependencies:
    path-key: "npm:^4.0.0"
  checksum: 10c0/124df74820c40c2eb9a8612a254ea1d557ddfab1581c3e751f825e3e366d9f00b0d76a3c94ecd8398e7f3eee193018622677e95816e8491f0797b21e30b2deba
  languageName: node
  linkType: hard

"nypm@npm:^0.3.8":
  version: 0.3.9
  resolution: "nypm@npm:0.3.9"
  dependencies:
    citty: "npm:^0.1.6"
    consola: "npm:^3.2.3"
    execa: "npm:^8.0.1"
    pathe: "npm:^1.1.2"
    pkg-types: "npm:^1.1.1"
    ufo: "npm:^1.5.3"
  bin:
    nypm: dist/cli.mjs
  checksum: 10c0/47aef92be6b7cef2c4eb8992ff5a5bb1de0689951a60101541574fd43cbdc3ec398e35565be7146f2242070b3f21ac4ea5773413d4fbc2a3171b7f470d8aa5a7
  languageName: node
  linkType: hard

"ohash@npm:^1.1.3":
  version: 1.1.3
  resolution: "ohash@npm:1.1.3"
  checksum: 10c0/928f5bdbd8cd73f90cf544c0533dbda8e0a42d9b8c7454ab89e64e4d11bc85f85242830b4e107426ce13dc4dd3013286f8f5e0c84abd8942a014b907d9692540
  languageName: node
  linkType: hard

"ohash@npm:^1.1.4":
  version: 1.1.6
  resolution: "ohash@npm:1.1.6"
  checksum: 10c0/3c25dde77662fffa3fa956b8975d7324311e3df15d9cf8d79b466ac3508f313e02b8ed3041d967810f68e00af344a5a3c4288be0208143c1844ba0f3cc83f777
  languageName: node
  linkType: hard

"onetime@npm:^6.0.0":
  version: 6.0.0
  resolution: "onetime@npm:6.0.0"
  dependencies:
    mimic-fn: "npm:^4.0.0"
  checksum: 10c0/4eef7c6abfef697dd4479345a4100c382d73c149d2d56170a54a07418c50816937ad09500e1ed1e79d235989d073a9bade8557122aee24f0576ecde0f392bb6c
  languageName: node
  linkType: hard

"path-browserify@npm:^1.0.1":
  version: 1.0.1
  resolution: "path-browserify@npm:1.0.1"
  checksum: 10c0/8b8c3fd5c66bd340272180590ae4ff139769e9ab79522e2eb82e3d571a89b8117c04147f65ad066dccfb42fcad902e5b7d794b3d35e0fd840491a8ddbedf8c66
  languageName: node
  linkType: hard

"path-key@npm:^3.1.0":
  version: 3.1.1
  resolution: "path-key@npm:3.1.1"
  checksum: 10c0/748c43efd5a569c039d7a00a03b58eecd1d75f3999f5a28303d75f521288df4823bc057d8784eb72358b2895a05f29a070bc9f1f17d28226cc4e62494cc58c4c
  languageName: node
  linkType: hard

"path-key@npm:^4.0.0":
  version: 4.0.0
  resolution: "path-key@npm:4.0.0"
  checksum: 10c0/794efeef32863a65ac312f3c0b0a99f921f3e827ff63afa5cb09a377e202c262b671f7b3832a4e64731003fa94af0263713962d317b9887bd1e0c48a342efba3
  languageName: node
  linkType: hard

"pathe@npm:^1.1.2":
  version: 1.1.2
  resolution: "pathe@npm:1.1.2"
  checksum: 10c0/64ee0a4e587fb0f208d9777a6c56e4f9050039268faaaaecd50e959ef01bf847b7872785c36483fa5cdcdbdfdb31fef2ff222684d4fc21c330ab60395c681897
  languageName: node
  linkType: hard

"pathe@npm:^2.0.1":
  version: 2.0.3
  resolution: "pathe@npm:2.0.3"
  checksum: 10c0/c118dc5a8b5c4166011b2b70608762e260085180bb9e33e80a50dcdb1e78c010b1624f4280c492c92b05fc276715a4c357d1f9edc570f8f1b3d90b6839ebaca1
  languageName: node
  linkType: hard

"perfect-debounce@npm:^1.0.0":
  version: 1.0.0
  resolution: "perfect-debounce@npm:1.0.0"
  checksum: 10c0/e2baac416cae046ef1b270812cf9ccfb0f91c04ea36ac7f5b00bc84cb7f41bdbba087c0ab21b4e02a7ef3a1f1f6db399f137cecec46868bd7d8d88c2a9ee431f
  languageName: node
  linkType: hard

"picomatch@npm:^2.3.1":
  version: 2.3.1
  resolution: "picomatch@npm:2.3.1"
  checksum: 10c0/26c02b8d06f03206fc2ab8d16f19960f2ff9e81a658f831ecb656d8f17d9edc799e8364b1f4a7873e89d9702dff96204be0fa26fe4181f6843f040f819dac4be
  languageName: node
  linkType: hard

"pkg-types@npm:^1.1.1":
  version: 1.1.3
  resolution: "pkg-types@npm:1.1.3"
  dependencies:
    confbox: "npm:^0.1.7"
    mlly: "npm:^1.7.1"
    pathe: "npm:^1.1.2"
  checksum: 10c0/4cd2c9442dd5e4ae0c61cbd8fdaa92a273939749b081f78150ce9a3f4e625cca0375607386f49f103f0720b239d02369bf181c3ea6c80cf1028a633df03706ad
  languageName: node
  linkType: hard

"pkg-types@npm:^1.2.0, pkg-types@npm:^1.3.0":
  version: 1.3.1
  resolution: "pkg-types@npm:1.3.1"
  dependencies:
    confbox: "npm:^0.1.8"
    mlly: "npm:^1.7.4"
    pathe: "npm:^2.0.1"
  checksum: 10c0/19e6cb8b66dcc66c89f2344aecfa47f2431c988cfa3366bdfdcfb1dd6695f87dcce37fbd90fe9d1605e2f4440b77f391e83c23255347c35cf84e7fd774d7fcea
  languageName: node
  linkType: hard

"queue-microtask@npm:^1.2.2":
  version: 1.2.3
  resolution: "queue-microtask@npm:1.2.3"
  checksum: 10c0/900a93d3cdae3acd7d16f642c29a642aea32c2026446151f0778c62ac089d4b8e6c986811076e1ae180a694cedf077d453a11b58ff0a865629a4f82ab558e102
  languageName: node
  linkType: hard

"rc9@npm:^2.1.2":
  version: 2.1.2
  resolution: "rc9@npm:2.1.2"
  dependencies:
    defu: "npm:^6.1.4"
    destr: "npm:^2.0.3"
  checksum: 10c0/a2ead3b94bf033e35e4ea40d70062a09feddb8f589c3f5a8fe4e9342976974296aee9f6e9e72bd5e78e6ae4b7bc16dc244f63699fd7322c16314e3238db982c9
  languageName: node
  linkType: hard

"readdirp@npm:^4.0.1":
  version: 4.1.2
  resolution: "readdirp@npm:4.1.2"
  checksum: 10c0/60a14f7619dec48c9c850255cd523e2717001b0e179dc7037cfa0895da7b9e9ab07532d324bfb118d73a710887d1e35f79c495fa91582784493e085d18c72c62
  languageName: node
  linkType: hard

"reusify@npm:^1.0.4":
  version: 1.0.4
  resolution: "reusify@npm:1.0.4"
  checksum: 10c0/c19ef26e4e188f408922c46f7ff480d38e8dfc55d448310dfb518736b23ed2c4f547fb64a6ed5bdba92cd7e7ddc889d36ff78f794816d5e71498d645ef476107
  languageName: node
  linkType: hard

"run-parallel@npm:^1.1.9":
  version: 1.2.0
  resolution: "run-parallel@npm:1.2.0"
  dependencies:
    queue-microtask: "npm:^1.2.2"
  checksum: 10c0/200b5ab25b5b8b7113f9901bfe3afc347e19bb7475b267d55ad0eb86a62a46d77510cb0f232507c9e5d497ebda569a08a9867d0d14f57a82ad5564d991588b39
  languageName: node
  linkType: hard

"shebang-command@npm:^2.0.0":
  version: 2.0.0
  resolution: "shebang-command@npm:2.0.0"
  dependencies:
    shebang-regex: "npm:^3.0.0"
  checksum: 10c0/a41692e7d89a553ef21d324a5cceb5f686d1f3c040759c50aab69688634688c5c327f26f3ecf7001ebfd78c01f3c7c0a11a7c8bfd0a8bc9f6240d4f40b224e4e
  languageName: node
  linkType: hard

"shebang-regex@npm:^3.0.0":
  version: 3.0.0
  resolution: "shebang-regex@npm:3.0.0"
  checksum: 10c0/1dbed0726dd0e1152a92696c76c7f06084eb32a90f0528d11acd764043aacf76994b2fb30aa1291a21bd019d6699164d048286309a278855ee7bec06cf6fb690
  languageName: node
  linkType: hard

"signal-exit@npm:^4.1.0":
  version: 4.1.0
  resolution: "signal-exit@npm:4.1.0"
  checksum: 10c0/41602dce540e46d599edba9d9860193398d135f7ff72cab629db5171516cfae628d21e7bfccde1bbfdf11c48726bc2a6d1a8fb8701125852fbfda7cf19c6aa83
  languageName: node
  linkType: hard

"source-map@npm:^0.6.1":
  version: 0.6.1
  resolution: "source-map@npm:0.6.1"
  checksum: 10c0/ab55398007c5e5532957cb0beee2368529618ac0ab372d789806f5718123cc4367d57de3904b4e6a4170eb5a0b0f41373066d02ca0735a0c4d75c7d328d3e011
  languageName: node
  linkType: hard

"strip-final-newline@npm:^3.0.0":
  version: 3.0.0
  resolution: "strip-final-newline@npm:3.0.0"
  checksum: 10c0/a771a17901427bac6293fd416db7577e2bc1c34a19d38351e9d5478c3c415f523f391003b42ed475f27e33a78233035df183525395f731d3bfb8cdcbd4da08ce
  languageName: node
  linkType: hard

"tar@npm:^6.2.0":
  version: 6.2.1
  resolution: "tar@npm:6.2.1"
  dependencies:
    chownr: "npm:^2.0.0"
    fs-minipass: "npm:^2.0.0"
    minipass: "npm:^5.0.0"
    minizlib: "npm:^2.1.1"
    mkdirp: "npm:^1.0.3"
    yallist: "npm:^4.0.0"
  checksum: 10c0/a5eca3eb50bc11552d453488344e6507156b9193efd7635e98e867fab275d527af53d8866e2370cd09dfe74378a18111622ace35af6a608e5223a7d27fe99537
  languageName: node
  linkType: hard

"to-regex-range@npm:^5.0.1":
  version: 5.0.1
  resolution: "to-regex-range@npm:5.0.1"
  dependencies:
    is-number: "npm:^7.0.0"
  checksum: 10c0/487988b0a19c654ff3e1961b87f471702e708fa8a8dd02a298ef16da7206692e8552a0250e8b3e8759270f62e9d8314616f6da274734d3b558b1fc7b7724e892
  languageName: node
  linkType: hard

"ts-morph@npm:^22.0.0":
  version: 22.0.0
  resolution: "ts-morph@npm:22.0.0"
  dependencies:
    "@ts-morph/common": "npm:~0.23.0"
    code-block-writer: "npm:^13.0.1"
  checksum: 10c0/0275606effaa24f6d8ad3ee9df3bb37c0330be002682f9e9157462b38b949e00fb81e0df20f571e08a0bd06107922eb35022bad5e2fb48ca89fda4299140b5de
  languageName: node
  linkType: hard

"tunnel@npm:^0.0.6":
  version: 0.0.6
  resolution: "tunnel@npm:0.0.6"
  checksum: 10c0/e27e7e896f2426c1c747325b5f54efebc1a004647d853fad892b46d64e37591ccd0b97439470795e5262b5c0748d22beb4489a04a0a448029636670bfd801b75
  languageName: node
  linkType: hard

"typescript@npm:^5.8.3":
  version: 5.8.3
  resolution: "typescript@npm:5.8.3"
  bin:
    tsc: bin/tsc
    tsserver: bin/tsserver
  checksum: 10c0/5f8bb01196e542e64d44db3d16ee0e4063ce4f3e3966df6005f2588e86d91c03e1fb131c2581baf0fb65ee79669eea6e161cd448178986587e9f6844446dbb48
  languageName: node
  linkType: hard

"typescript@patch:typescript@npm%3A^5.8.3#optional!builtin<compat/typescript>":
  version: 5.8.3
  resolution: "typescript@patch:typescript@npm%3A5.8.3#optional!builtin<compat/typescript>::version=5.8.3&hash=5adc0c"
  bin:
    tsc: bin/tsc
    tsserver: bin/tsserver
  checksum: 10c0/92ea03509e06598948559ddcdd8a4ae5a7ab475766d5589f1b796f5731b3d631a4c7ddfb86a3bd44d58d10102b132cd4b4994dda9b63e6273c66d77d6a271dbd
  languageName: node
  linkType: hard

"ufo@npm:^1.5.3":
  version: 1.5.3
  resolution: "ufo@npm:1.5.3"
  checksum: 10c0/1df10702582aa74f4deac4486ecdfd660e74be057355f1afb6adfa14243476cf3d3acff734ccc3d0b74e9bfdefe91d578f3edbbb0a5b2430fe93cd672370e024
  languageName: node
  linkType: hard

"ufo@npm:^1.5.4":
  version: 1.6.1
  resolution: "ufo@npm:1.6.1"
  checksum: 10c0/5a9f041e5945fba7c189d5410508cbcbefef80b253ed29aa2e1f8a2b86f4bd51af44ee18d4485e6d3468c92be9bf4a42e3a2b72dcaf27ce39ce947ec994f1e6b
  languageName: node
  linkType: hard

"uglify-js@npm:^3.1.4":
  version: 3.18.0
  resolution: "uglify-js@npm:3.18.0"
  bin:
    uglifyjs: bin/uglifyjs
  checksum: 10c0/57f5f6213a2c4e8c551be9c875c085d565dc88af6b7caaab40a197aa639183cdce7c9dc2f858675eca72a5323f850ab7e88b9cc0a52dfbe3e0768aee6ab6e102
  languageName: node
  linkType: hard

"undici-types@npm:~6.19.2":
  version: 6.19.8
  resolution: "undici-types@npm:6.19.8"
  checksum: 10c0/078afa5990fba110f6824823ace86073b4638f1d5112ee26e790155f481f2a868cc3e0615505b6f4282bdf74a3d8caad715fd809e870c2bb0704e3ea6082f344
  languageName: node
  linkType: hard

"undici@npm:^5.25.4":
  version: 5.29.0
  resolution: "undici@npm:5.29.0"
  dependencies:
    "@fastify/busboy": "npm:^2.0.0"
  checksum: 10c0/e4e4d631ca54ee0ad82d2e90e7798fa00a106e27e6c880687e445cc2f13b4bc87c5eba2a88c266c3eecffb18f26e227b778412da74a23acc374fca7caccec49b
  languageName: node
  linkType: hard

"uuid@npm:^8.3.2":
  version: 8.3.2
  resolution: "uuid@npm:8.3.2"
  bin:
    uuid: dist/bin/uuid
  checksum: 10c0/bcbb807a917d374a49f475fae2e87fdca7da5e5530820ef53f65ba1d12131bd81a92ecf259cc7ce317cbe0f289e7d79fdfebcef9bfa3087c8c8a2fa304c9be54
  languageName: node
  linkType: hard

"which@npm:^2.0.1":
  version: 2.0.2
  resolution: "which@npm:2.0.2"
  dependencies:
    isexe: "npm:^2.0.0"
  bin:
    node-which: ./bin/node-which
  checksum: 10c0/66522872a768b60c2a65a57e8ad184e5372f5b6a9ca6d5f033d4b0dc98aff63995655a7503b9c0a2598936f532120e81dd8cc155e2e92ed662a2b9377cc4374f
  languageName: node
  linkType: hard

"wordwrap@npm:^1.0.0":
  version: 1.0.0
  resolution: "wordwrap@npm:1.0.0"
  checksum: 10c0/7ed2e44f3c33c5c3e3771134d2b0aee4314c9e49c749e37f464bf69f2bcdf0cbf9419ca638098e2717cff4875c47f56a007532f6111c3319f557a2ca91278e92
  languageName: node
  linkType: hard

"yallist@npm:^4.0.0":
  version: 4.0.0
  resolution: "yallist@npm:4.0.0"
  checksum: 10c0/2286b5e8dbfe22204ab66e2ef5cc9bbb1e55dfc873bbe0d568aa943eb255d131890dfd5bf243637273d31119b870f49c18fcde2c6ffbb7a7a092b870dc90625a
  languageName: node
  linkType: hard
