# This file is generated by running "yarn install" inside your project.
# Manual changes might be lost - proceed with caution!

__metadata:
  version: 8
  cacheKey: 10c0

"@actions/core@npm:^1.10.1":
  version: 1.10.1
  resolution: "@actions/core@npm:1.10.1"
  dependencies:
    "@actions/http-client": "npm:^2.0.1"
    uuid: "npm:^8.3.2"
  checksum: 10c0/7a61446697a23dcad3545cf0634dedbdedf20ae9a0ee6ee977554589a15deb4a93593ee48a41258933d58ce0778f446b0d2c162b60750956fb75e0b9560fb832
  languageName: node
  linkType: hard

"@actions/http-client@npm:^2.0.1":
  version: 2.2.1
  resolution: "@actions/http-client@npm:2.2.1"
  dependencies:
    tunnel: "npm:^0.0.6"
    undici: "npm:^5.25.4"
  checksum: 10c0/371771e68fcfe1383e59657eb5bc421aba5e1826f5e497efd826236b64fc1ff11f0bc91f936d7f1086f6bb3fd209736425a4d357b98fdfb7a8d054cbb84680e8
  languageName: node
  linkType: hard

"@fastify/busboy@npm:^2.0.0":
  version: 2.1.1
  resolution: "@fastify/busboy@npm:2.1.1"
  checksum: 10c0/6f8027a8cba7f8f7b736718b013f5a38c0476eea67034c94a0d3c375e2b114366ad4419e6a6fa7ffc2ef9c6d3e0435d76dd584a7a1cbac23962fda7650b579e3
  languageName: node
  linkType: hard

"@hey-api/codegen-core@npm:^0.5.2":
  version: 0.5.2
  resolution: "@hey-api/codegen-core@npm:0.5.2"
  dependencies:
    ansi-colors: "npm:4.1.3"
    color-support: "npm:1.1.3"
  peerDependencies:
    typescript: ">=5.5.3"
  checksum: 10c0/448857f83e7591b2af3daf8a26d23dad5347739f89ba139a513c4db07cd2b8ca2b4ddfbfd7670a7658ff7baf7e6c6dc29a8df9bb5d9bf3d87e59854768f915b6
  languageName: node
  linkType: hard

"@hey-api/json-schema-ref-parser@npm:1.2.2":
  version: 1.2.2
  resolution: "@hey-api/json-schema-ref-parser@npm:1.2.2"
  dependencies:
    "@jsdevtools/ono": "npm:^7.1.3"
    "@types/json-schema": "npm:^7.0.15"
    js-yaml: "npm:^4.1.1"
    lodash: "npm:^4.17.21"
  checksum: 10c0/7c396d753117ac6c36b4801e8ad06c669483edf23c025a0a8524019f85b07c5bfa11bfcda931ca0b0fe5d6a17af1802a873325f8b527c403b74b425ee2c893e7
  languageName: node
  linkType: hard

"@hey-api/openapi-ts@npm:=0.90.3":
  version: 0.90.3
  resolution: "@hey-api/openapi-ts@npm:0.90.3"
  dependencies:
    "@hey-api/codegen-core": "npm:^0.5.2"
    "@hey-api/json-schema-ref-parser": "npm:1.2.2"
    ansi-colors: "npm:4.1.3"
    c12: "npm:3.3.3"
    color-support: "npm:1.1.3"
    commander: "npm:14.0.2"
    open: "npm:11.0.0"
    semver: "npm:7.7.3"
  peerDependencies:
    typescript: ">=5.5.3"
  bin:
    openapi-ts: bin/run.js
  checksum: 10c0/3d93eaeb3b8808d898f7578e18b0d333715fdc699168b5d91e9eb8be23f96349b9e0c875dc562ec1a619c0b745aa3f05127474251799523b75f682af1fb28ac4
  languageName: node
  linkType: hard

"@jsdevtools/ono@npm:^7.1.3":
  version: 7.1.3
  resolution: "@jsdevtools/ono@npm:7.1.3"
  checksum: 10c0/a9f7e3e8e3bc315a34959934a5e2f874c423cf4eae64377d3fc9de0400ed9f36cb5fd5ebce3300d2e8f4085f557c4a8b591427a583729a87841fda46e6c216b9
  languageName: node
  linkType: hard

"@navikt/openapi-ts-clientmaker@workspace:.":
  version: 0.0.0-use.local
  resolution: "@navikt/openapi-ts-clientmaker@workspace:."
  dependencies:
    "@actions/core": "npm:^1.10.1"
    "@hey-api/openapi-ts": "npm:=0.90.3"
    "@types/node": "npm:^20.19.28"
    ts-morph: "npm:^22.0.0"
    typescript: "npm:^5.8.3"
  languageName: unknown
  linkType: soft

"@nodelib/fs.scandir@npm:2.1.5":
  version: 2.1.5
  resolution: "@nodelib/fs.scandir@npm:2.1.5"
  dependencies:
    "@nodelib/fs.stat": "npm:2.0.5"
    run-parallel: "npm:^1.1.9"
  checksum: 10c0/732c3b6d1b1e967440e65f284bd06e5821fedf10a1bea9ed2bb75956ea1f30e08c44d3def9d6a230666574edbaf136f8cfd319c14fd1f87c66e6a44449afb2eb
  languageName: node
  linkType: hard

"@nodelib/fs.stat@npm:2.0.5, @nodelib/fs.stat@npm:^2.0.2":
  version: 2.0.5
  resolution: "@nodelib/fs.stat@npm:2.0.5"
  checksum: 10c0/88dafe5e3e29a388b07264680dc996c17f4bda48d163a9d4f5c1112979f0ce8ec72aa7116122c350b4e7976bc5566dc3ddb579be1ceaacc727872eb4ed93926d
  languageName: node
  linkType: hard

"@nodelib/fs.walk@npm:^1.2.3":
  version: 1.2.8
  resolution: "@nodelib/fs.walk@npm:1.2.8"
  dependencies:
    "@nodelib/fs.scandir": "npm:2.1.5"
    fastq: "npm:^1.6.0"
  checksum: 10c0/db9de047c3bb9b51f9335a7bb46f4fcfb6829fb628318c12115fbaf7d369bfce71c15b103d1fc3b464812d936220ee9bc1c8f762d032c9f6be9acc99249095b1
  languageName: node
  linkType: hard

"@ts-morph/common@npm:~0.23.0":
  version: 0.23.0
  resolution: "@ts-morph/common@npm:0.23.0"
  dependencies:
    fast-glob: "npm:^3.3.2"
    minimatch: "npm:^9.0.3"
    mkdirp: "npm:^3.0.1"
    path-browserify: "npm:^1.0.1"
  checksum: 10c0/80d8f230618b022537846b515cb928c636004f216821bec7fea289fd37533b4eaa783d276cc5838b4b6be867fec60fdee5795baac3ed98f1ab7cdd6b35a85179
  languageName: node
  linkType: hard

"@types/json-schema@npm:^7.0.15":
  version: 7.0.15
  resolution: "@types/json-schema@npm:7.0.15"
  checksum: 10c0/a996a745e6c5d60292f36731dd41341339d4eeed8180bb09226e5c8d23759067692b1d88e5d91d72ee83dfc00d3aca8e7bd43ea120516c17922cbcb7c3e252db
  languageName: node
  linkType: hard

"@types/node@npm:^20.19.28":
  version: 20.19.28
  resolution: "@types/node@npm:20.19.28"
  dependencies:
    undici-types: "npm:~6.21.0"
  checksum: 10c0/aaa2de8570bfafdb9c160c1dbe3ecd7d9b2ccdc496ab6b0f24ccd5023aabe6f8c7fd02d7090185c2912052174f7cffef4ace80edd7d2a433200429c7a0a4869d
  languageName: node
  linkType: hard

"ansi-colors@npm:4.1.3":
  version: 4.1.3
  resolution: "ansi-colors@npm:4.1.3"
  checksum: 10c0/ec87a2f59902f74e61eada7f6e6fe20094a628dab765cfdbd03c3477599368768cffccdb5d3bb19a1b6c99126783a143b1fee31aab729b31ffe5836c7e5e28b9
  languageName: node
  linkType: hard

"argparse@npm:^2.0.1":
  version: 2.0.1
  resolution: "argparse@npm:2.0.1"
  checksum: 10c0/c5640c2d89045371c7cedd6a70212a04e360fd34d6edeae32f6952c63949e3525ea77dbec0289d8213a99bbaeab5abfa860b5c12cf88a2e6cf8106e90dd27a7e
  languageName: node
  linkType: hard

"balanced-match@npm:^1.0.0":
  version: 1.0.2
  resolution: "balanced-match@npm:1.0.2"
  checksum: 10c0/9308baf0a7e4838a82bbfd11e01b1cb0f0cf2893bc1676c27c2a8c0e70cbae1c59120c3268517a8ae7fb6376b4639ef81ca22582611dbee4ed28df945134aaee
  languageName: node
  linkType: hard

"brace-expansion@npm:^2.0.1":
  version: 2.0.2
  resolution: "brace-expansion@npm:2.0.2"
  dependencies:
    balanced-match: "npm:^1.0.0"
  checksum: 10c0/6d117a4c793488af86b83172deb6af143e94c17bc53b0b3cec259733923b4ca84679d506ac261f4ba3c7ed37c46018e2ff442f9ce453af8643ecd64f4a54e6cf
  languageName: node
  linkType: hard

"braces@npm:^3.0.3":
  version: 3.0.3
  resolution: "braces@npm:3.0.3"
  dependencies:
    fill-range: "npm:^7.1.1"
  checksum: 10c0/7c6dfd30c338d2997ba77500539227b9d1f85e388a5f43220865201e407e076783d0881f2d297b9f80951b4c957fcf0b51c1d2d24227631643c3f7c284b0aa04
  languageName: node
  linkType: hard

"bundle-name@npm:^4.1.0":
  version: 4.1.0
  resolution: "bundle-name@npm:4.1.0"
  dependencies:
    run-applescript: "npm:^7.0.0"
  checksum: 10c0/8e575981e79c2bcf14d8b1c027a3775c095d362d1382312f444a7c861b0e21513c0bd8db5bd2b16e50ba0709fa622d4eab6b53192d222120305e68359daece29
  languageName: node
  linkType: hard

"c12@npm:3.3.3":
  version: 3.3.3
  resolution: "c12@npm:3.3.3"
  dependencies:
    chokidar: "npm:^5.0.0"
    confbox: "npm:^0.2.2"
    defu: "npm:^6.1.4"
    dotenv: "npm:^17.2.3"
    exsolve: "npm:^1.0.8"
    giget: "npm:^2.0.0"
    jiti: "npm:^2.6.1"
    ohash: "npm:^2.0.11"
    pathe: "npm:^2.0.3"
    perfect-debounce: "npm:^2.0.0"
    pkg-types: "npm:^2.3.0"
    rc9: "npm:^2.1.2"
  peerDependencies:
    magicast: "*"
  peerDependenciesMeta:
    magicast:
      optional: true
  checksum: 10c0/5b2ac937175717df62fc74ce7fe38685ebd02b3fa94e9cc05be9630d3e5d7f1ec437413d23d63ec0d2eaffcfeda824fb14d3d0fab3df522e60a8b4b3e32a4a33
  languageName: node
  linkType: hard

"chokidar@npm:^5.0.0":
  version: 5.0.0
  resolution: "chokidar@npm:5.0.0"
  dependencies:
    readdirp: "npm:^5.0.0"
  checksum: 10c0/42fc907cb2a7ff5c9e220f84dae75380a77997f851c2a5e7865a2cf9ae45dd407a23557208cdcdbf3ac8c93341135a1748e4c48c31855f3bfa095e5159b6bdec
  languageName: node
  linkType: hard

"citty@npm:^0.1.6":
  version: 0.1.6
  resolution: "citty@npm:0.1.6"
  dependencies:
    consola: "npm:^3.2.3"
  checksum: 10c0/d26ad82a9a4a8858c7e149d90b878a3eceecd4cfd3e2ed3cd5f9a06212e451fb4f8cbe0fa39a3acb1b3e8f18e22db8ee5def5829384bad50e823d4b301609b48
  languageName: node
  linkType: hard

"code-block-writer@npm:^13.0.1":
  version: 13.0.1
  resolution: "code-block-writer@npm:13.0.1"
  checksum: 10c0/1ca0329032228aab4a8094148bc2b50fd8ff07a0e3f78c11986398951fc51c6bad24bc7236437e639ac95d4c3bb489c2f3c629dc5f21c22a3bca0daa41d64187
  languageName: node
  linkType: hard

"color-support@npm:1.1.3":
  version: 1.1.3
  resolution: "color-support@npm:1.1.3"
  bin:
    color-support: bin.js
  checksum: 10c0/8ffeaa270a784dc382f62d9be0a98581db43e11eee301af14734a6d089bd456478b1a8b3e7db7ca7dc5b18a75f828f775c44074020b51c05fc00e6d0992b1cc6
  languageName: node
  linkType: hard

"commander@npm:14.0.2":
  version: 14.0.2
  resolution: "commander@npm:14.0.2"
  checksum: 10c0/245abd1349dbad5414cb6517b7b5c584895c02c4f7836ff5395f301192b8566f9796c82d7bd6c92d07eba8775fe4df86602fca5d86d8d10bcc2aded1e21c2aeb
  languageName: node
  linkType: hard

"confbox@npm:^0.2.2":
  version: 0.2.2
  resolution: "confbox@npm:0.2.2"
  checksum: 10c0/7c246588d533d31e8cdf66cb4701dff6de60f9be77ab54c0d0338e7988750ac56863cc0aca1b3f2046f45ff223a765d3e5d4977a7674485afcd37b6edf3fd129
  languageName: node
  linkType: hard

"consola@npm:^3.2.3":
  version: 3.2.3
  resolution: "consola@npm:3.2.3"
  checksum: 10c0/c606220524ec88a05bb1baf557e9e0e04a0c08a9c35d7a08652d99de195c4ddcb6572040a7df57a18ff38bbc13ce9880ad032d56630cef27bef72768ef0ac078
  languageName: node
  linkType: hard

"consola@npm:^3.4.0, consola@npm:^3.4.2":
  version: 3.4.2
  resolution: "consola@npm:3.4.2"
  checksum: 10c0/7cebe57ecf646ba74b300bcce23bff43034ed6fbec9f7e39c27cee1dc00df8a21cd336b466ad32e304ea70fba04ec9e890c200270de9a526ce021ba8a7e4c11a
  languageName: node
  linkType: hard

"default-browser-id@npm:^5.0.0":
  version: 5.0.0
  resolution: "default-browser-id@npm:5.0.0"
  checksum: 10c0/957fb886502594c8e645e812dfe93dba30ed82e8460d20ce39c53c5b0f3e2afb6ceaec2249083b90bdfbb4cb0f34e1f73fde3d68cac00becdbcfd894156b5ead
  languageName: node
  linkType: hard

"default-browser@npm:^5.4.0":
  version: 5.4.0
  resolution: "default-browser@npm:5.4.0"
  dependencies:
    bundle-name: "npm:^4.1.0"
    default-browser-id: "npm:^5.0.0"
  checksum: 10c0/a49ddd0c7b1a319163f64a5fc68ebb45a98548ea23a3155e04518f026173d85cfa2f451b646366c36c8f70b01e4cb773e23d1d22d2c61d8b84e5fbf151b4b609
  languageName: node
  linkType: hard

"define-lazy-prop@npm:^3.0.0":
  version: 3.0.0
  resolution: "define-lazy-prop@npm:3.0.0"
  checksum: 10c0/5ab0b2bf3fa58b3a443140bbd4cd3db1f91b985cc8a246d330b9ac3fc0b6a325a6d82bddc0b055123d745b3f9931afeea74a5ec545439a1630b9c8512b0eeb49
  languageName: node
  linkType: hard

"defu@npm:^6.1.4":
  version: 6.1.4
  resolution: "defu@npm:6.1.4"
  checksum: 10c0/2d6cc366262dc0cb8096e429368e44052fdf43ed48e53ad84cc7c9407f890301aa5fcb80d0995abaaf842b3949f154d060be4160f7a46cb2bc2f7726c81526f5
  languageName: node
  linkType: hard

"destr@npm:^2.0.3":
  version: 2.0.3
  resolution: "destr@npm:2.0.3"
  checksum: 10c0/10e7eff5149e2839a4dd29a1e9617c3c675a3b53608d78d74fc6f4abc31daa977e6de08e0eea78965527a0d5a35467ae2f9624e0a4646d54aa1162caa094473e
  languageName: node
  linkType: hard

"dotenv@npm:^17.2.3":
  version: 17.2.3
  resolution: "dotenv@npm:17.2.3"
  checksum: 10c0/c884403209f713214a1b64d4d1defa4934c2aa5b0002f5a670ae298a51e3c3ad3ba79dfee2f8df49f01ae74290fcd9acdb1ab1d09c7bfb42b539036108bb2ba0
  languageName: node
  linkType: hard

"exsolve@npm:^1.0.7, exsolve@npm:^1.0.8":
  version: 1.0.8
  resolution: "exsolve@npm:1.0.8"
  checksum: 10c0/65e44ae05bd4a4a5d87cfdbbd6b8f24389282cf9f85fa5feb17ca87ad3f354877e6af4cd99e02fc29044174891f82d1d68c77f69234410eb8f163530e6278c67
  languageName: node
  linkType: hard

"fast-glob@npm:^3.3.2":
  version: 3.3.2
  resolution: "fast-glob@npm:3.3.2"
  dependencies:
    "@nodelib/fs.stat": "npm:^2.0.2"
    "@nodelib/fs.walk": "npm:^1.2.3"
    glob-parent: "npm:^5.1.2"
    merge2: "npm:^1.3.0"
    micromatch: "npm:^4.0.4"
  checksum: 10c0/42baad7b9cd40b63e42039132bde27ca2cb3a4950d0a0f9abe4639ea1aa9d3e3b40f98b1fe31cbc0cc17b664c9ea7447d911a152fa34ec5b72977b125a6fc845
  languageName: node
  linkType: hard

"fastq@npm:^1.6.0":
  version: 1.17.1
  resolution: "fastq@npm:1.17.1"
  dependencies:
    reusify: "npm:^1.0.4"
  checksum: 10c0/1095f16cea45fb3beff558bb3afa74ca7a9250f5a670b65db7ed585f92b4b48381445cd328b3d87323da81e43232b5d5978a8201bde84e0cd514310f1ea6da34
  languageName: node
  linkType: hard

"fill-range@npm:^7.1.1":
  version: 7.1.1
  resolution: "fill-range@npm:7.1.1"
  dependencies:
    to-regex-range: "npm:^5.0.1"
  checksum: 10c0/b75b691bbe065472f38824f694c2f7449d7f5004aa950426a2c28f0306c60db9b880c0b0e4ed819997ffb882d1da02cfcfc819bddc94d71627f5269682edf018
  languageName: node
  linkType: hard

"giget@npm:^2.0.0":
  version: 2.0.0
  resolution: "giget@npm:2.0.0"
  dependencies:
    citty: "npm:^0.1.6"
    consola: "npm:^3.4.0"
    defu: "npm:^6.1.4"
    node-fetch-native: "npm:^1.6.6"
    nypm: "npm:^0.6.0"
    pathe: "npm:^2.0.3"
  bin:
    giget: dist/cli.mjs
  checksum: 10c0/606d81652643936ee7f76653b4dcebc09703524ff7fd19692634ce69e3fc6775a377760d7508162379451c03bf43cc6f46716aeadeb803f7cef3fc53d0671396
  languageName: node
  linkType: hard

"glob-parent@npm:^5.1.2":
  version: 5.1.2
  resolution: "glob-parent@npm:5.1.2"
  dependencies:
    is-glob: "npm:^4.0.1"
  checksum: 10c0/cab87638e2112bee3f839ef5f6e0765057163d39c66be8ec1602f3823da4692297ad4e972de876ea17c44d652978638d2fd583c6713d0eb6591706825020c9ee
  languageName: node
  linkType: hard

"is-docker@npm:^3.0.0":
  version: 3.0.0
  resolution: "is-docker@npm:3.0.0"
  bin:
    is-docker: cli.js
  checksum: 10c0/d2c4f8e6d3e34df75a5defd44991b6068afad4835bb783b902fa12d13ebdb8f41b2a199dcb0b5ed2cb78bfee9e4c0bbdb69c2d9646f4106464674d3e697a5856
  languageName: node
  linkType: hard

"is-extglob@npm:^2.1.1":
  version: 2.1.1
  resolution: "is-extglob@npm:2.1.1"
  checksum: 10c0/5487da35691fbc339700bbb2730430b07777a3c21b9ebaecb3072512dfd7b4ba78ac2381a87e8d78d20ea08affb3f1971b4af629173a6bf435ff8a4c47747912
  languageName: node
  linkType: hard

"is-glob@npm:^4.0.1":
  version: 4.0.3
  resolution: "is-glob@npm:4.0.3"
  dependencies:
    is-extglob: "npm:^2.1.1"
  checksum: 10c0/17fb4014e22be3bbecea9b2e3a76e9e34ff645466be702f1693e8f1ee1adac84710d0be0bd9f967d6354036fd51ab7c2741d954d6e91dae6bb69714de92c197a
  languageName: node
  linkType: hard

"is-in-ssh@npm:^1.0.0":
  version: 1.0.0
  resolution: "is-in-ssh@npm:1.0.0"
  checksum: 10c0/fbb4c25d85c543df09997fbe7aeca410ae0c839c5825bba2d4c672df765e9ce0e7558e781b371c0a21d6ef9bbac39b31875617a68eaaea5504438d07db9a2ffa
  languageName: node
  linkType: hard

"is-inside-container@npm:^1.0.0":
  version: 1.0.0
  resolution: "is-inside-container@npm:1.0.0"
  dependencies:
    is-docker: "npm:^3.0.0"
  bin:
    is-inside-container: cli.js
  checksum: 10c0/a8efb0e84f6197e6ff5c64c52890fa9acb49b7b74fed4da7c95383965da6f0fa592b4dbd5e38a79f87fc108196937acdbcd758fcefc9b140e479b39ce1fcd1cd
  languageName: node
  linkType: hard

"is-number@npm:^7.0.0":
  version: 7.0.0
  resolution: "is-number@npm:7.0.0"
  checksum: 10c0/b4686d0d3053146095ccd45346461bc8e53b80aeb7671cc52a4de02dbbf7dc0d1d2a986e2fe4ae206984b4d34ef37e8b795ebc4f4295c978373e6575e295d811
  languageName: node
  linkType: hard

"is-wsl@npm:^3.1.0":
  version: 3.1.0
  resolution: "is-wsl@npm:3.1.0"
  dependencies:
    is-inside-container: "npm:^1.0.0"
  checksum: 10c0/d3317c11995690a32c362100225e22ba793678fe8732660c6de511ae71a0ff05b06980cf21f98a6bf40d7be0e9e9506f859abe00a1118287d63e53d0a3d06947
  languageName: node
  linkType: hard

"jiti@npm:^2.6.1":
  version: 2.6.1
  resolution: "jiti@npm:2.6.1"
  bin:
    jiti: lib/jiti-cli.mjs
  checksum: 10c0/79b2e96a8e623f66c1b703b98ec1b8be4500e1d217e09b09e343471bbb9c105381b83edbb979d01cef18318cc45ce6e153571b6c83122170eefa531c64b6789b
  languageName: node
  linkType: hard

"js-yaml@npm:^4.1.1":
  version: 4.1.1
  resolution: "js-yaml@npm:4.1.1"
  dependencies:
    argparse: "npm:^2.0.1"
  bin:
    js-yaml: bin/js-yaml.js
  checksum: 10c0/561c7d7088c40a9bb53cc75becbfb1df6ae49b34b5e6e5a81744b14ae8667ec564ad2527709d1a6e7d5e5fa6d483aa0f373a50ad98d42fde368ec4a190d4fae7
  languageName: node
  linkType: hard

"lodash@npm:^4.17.21":
  version: 4.18.1
  resolution: "lodash@npm:4.18.1"
  checksum: 10c0/757228fc68805c59789e82185135cf85f05d0b2d3d54631d680ca79ec21944ec8314d4533639a14b8bcfbd97a517e78960933041a5af17ecb693ec6eecb99a27
  languageName: node
  linkType: hard

"merge2@npm:^1.3.0":
  version: 1.4.1
  resolution: "merge2@npm:1.4.1"
  checksum: 10c0/254a8a4605b58f450308fc474c82ac9a094848081bf4c06778200207820e5193726dc563a0d2c16468810516a5c97d9d3ea0ca6585d23c58ccfff2403e8dbbeb
  languageName: node
  linkType: hard

"micromatch@npm:^4.0.4":
  version: 4.0.8
  resolution: "micromatch@npm:4.0.8"
  dependencies:
    braces: "npm:^3.0.3"
    picomatch: "npm:^2.3.1"
  checksum: 10c0/166fa6eb926b9553f32ef81f5f531d27b4ce7da60e5baf8c021d043b27a388fb95e46a8038d5045877881e673f8134122b59624d5cecbd16eb50a42e7a6b5ca8
  languageName: node
  linkType: hard

"minimatch@npm:^9.0.3":
  version: 9.0.4
  resolution: "minimatch@npm:9.0.4"
  dependencies:
    brace-expansion: "npm:^2.0.1"
  checksum: 10c0/2c16f21f50e64922864e560ff97c587d15fd491f65d92a677a344e970fe62aafdbeafe648965fa96d33c061b4d0eabfe0213466203dd793367e7f28658cf6414
  languageName: node
  linkType: hard

"mkdirp@npm:^3.0.1":
  version: 3.0.1
  resolution: "mkdirp@npm:3.0.1"
  bin:
    mkdirp: dist/cjs/src/bin.js
  checksum: 10c0/9f2b975e9246351f5e3a40dcfac99fcd0baa31fbfab615fe059fb11e51f10e4803c63de1f384c54d656e4db31d000e4767e9ef076a22e12a641357602e31d57d
  languageName: node
  linkType: hard

"node-fetch-native@npm:^1.6.6":
  version: 1.6.7
  resolution: "node-fetch-native@npm:1.6.7"
  checksum: 10c0/8b748300fb053d21ca4d3db9c3ff52593d5e8f8a2d9fe90cbfad159676e324b954fdaefab46aeca007b5b9edab3d150021c4846444e4e8ab1f4e44cd3807be87
  languageName: node
  linkType: hard

"nypm@npm:^0.6.0":
  version: 0.6.2
  resolution: "nypm@npm:0.6.2"
  dependencies:
    citty: "npm:^0.1.6"
    consola: "npm:^3.4.2"
    pathe: "npm:^2.0.3"
    pkg-types: "npm:^2.3.0"
    tinyexec: "npm:^1.0.1"
  bin:
    nypm: dist/cli.mjs
  checksum: 10c0/b1aca658e29ed616ad6e487f9c3fd76773485ad75c1f99efe130ccb304de60b639a3dda43c3ce6c060113a3eebaee7ccbea554f5fbd1f244474181dc9bf3f17c
  languageName: node
  linkType: hard

"ohash@npm:^2.0.11":
  version: 2.0.11
  resolution: "ohash@npm:2.0.11"
  checksum: 10c0/d07c8d79cc26da082c1a7c8d5b56c399dd4ed3b2bd069fcae6bae78c99a9bcc3ad813b1e1f49ca2f335292846d689c6141a762cf078727d2302a33d414e69c79
  languageName: node
  linkType: hard

"open@npm:11.0.0":
  version: 11.0.0
  resolution: "open@npm:11.0.0"
  dependencies:
    default-browser: "npm:^5.4.0"
    define-lazy-prop: "npm:^3.0.0"
    is-in-ssh: "npm:^1.0.0"
    is-inside-container: "npm:^1.0.0"
    powershell-utils: "npm:^0.1.0"
    wsl-utils: "npm:^0.3.0"
  checksum: 10c0/7aeeda4131268ed90f90e7728dda5c46bb0c6205b27a4be3e86ea33593e30dd393423e20e31c00802a8e635ef59becaee33ef9749a8ceb027567cd253e9e7b1e
  languageName: node
  linkType: hard

"path-browserify@npm:^1.0.1":
  version: 1.0.1
  resolution: "path-browserify@npm:1.0.1"
  checksum: 10c0/8b8c3fd5c66bd340272180590ae4ff139769e9ab79522e2eb82e3d571a89b8117c04147f65ad066dccfb42fcad902e5b7d794b3d35e0fd840491a8ddbedf8c66
  languageName: node
  linkType: hard

"pathe@npm:^2.0.3":
  version: 2.0.3
  resolution: "pathe@npm:2.0.3"
  checksum: 10c0/c118dc5a8b5c4166011b2b70608762e260085180bb9e33e80a50dcdb1e78c010b1624f4280c492c92b05fc276715a4c357d1f9edc570f8f1b3d90b6839ebaca1
  languageName: node
  linkType: hard

"perfect-debounce@npm:^2.0.0":
  version: 2.0.0
  resolution: "perfect-debounce@npm:2.0.0"
  checksum: 10c0/c08d7bf9c43f262206eceb9b3dfd332e2470b5488bb93f87721c498045e61e4f3f1d21abfe3236a8eab547c7cc031d3efb64cd3b38a85a820d5cafb4c897a8d4
  languageName: node
  linkType: hard

"picomatch@npm:^2.3.1":
  version: 2.3.1
  resolution: "picomatch@npm:2.3.1"
  checksum: 10c0/26c02b8d06f03206fc2ab8d16f19960f2ff9e81a658f831ecb656d8f17d9edc799e8364b1f4a7873e89d9702dff96204be0fa26fe4181f6843f040f819dac4be
  languageName: node
  linkType: hard

"pkg-types@npm:^2.3.0":
  version: 2.3.0
  resolution: "pkg-types@npm:2.3.0"
  dependencies:
    confbox: "npm:^0.2.2"
    exsolve: "npm:^1.0.7"
    pathe: "npm:^2.0.3"
  checksum: 10c0/d2bbddc5b81bd4741e1529c08ef4c5f1542bbdcf63498b73b8e1d84cff71806d1b8b1577800549bb569cb7aa20056257677b979bff48c97967cba7e64f72ae12
  languageName: node
  linkType: hard

"powershell-utils@npm:^0.1.0":
  version: 0.1.0
  resolution: "powershell-utils@npm:0.1.0"
  checksum: 10c0/a64713cf3583259c9ed6be211c06b4b19e8608bcb0f7f6287ffac0a95b8c7582b6b662eea0e201fd659492c8e9f9c5fd0bfc4579645c5add9c1a600075621c95
  languageName: node
  linkType: hard

"queue-microtask@npm:^1.2.2":
  version: 1.2.3
  resolution: "queue-microtask@npm:1.2.3"
  checksum: 10c0/900a93d3cdae3acd7d16f642c29a642aea32c2026446151f0778c62ac089d4b8e6c986811076e1ae180a694cedf077d453a11b58ff0a865629a4f82ab558e102
  languageName: node
  linkType: hard

"rc9@npm:^2.1.2":
  version: 2.1.2
  resolution: "rc9@npm:2.1.2"
  dependencies:
    defu: "npm:^6.1.4"
    destr: "npm:^2.0.3"
  checksum: 10c0/a2ead3b94bf033e35e4ea40d70062a09feddb8f589c3f5a8fe4e9342976974296aee9f6e9e72bd5e78e6ae4b7bc16dc244f63699fd7322c16314e3238db982c9
  languageName: node
  linkType: hard

"readdirp@npm:^5.0.0":
  version: 5.0.0
  resolution: "readdirp@npm:5.0.0"
  checksum: 10c0/faf1ec57cff2020f473128da3f8d2a57813cc3a08a36c38cae1c9af32c1579906cc50ba75578043b35bade77e945c098233665797cf9730ba3613a62d6e79219
  languageName: node
  linkType: hard

"reusify@npm:^1.0.4":
  version: 1.0.4
  resolution: "reusify@npm:1.0.4"
  checksum: 10c0/c19ef26e4e188f408922c46f7ff480d38e8dfc55d448310dfb518736b23ed2c4f547fb64a6ed5bdba92cd7e7ddc889d36ff78f794816d5e71498d645ef476107
  languageName: node
  linkType: hard

"run-applescript@npm:^7.0.0":
  version: 7.0.0
  resolution: "run-applescript@npm:7.0.0"
  checksum: 10c0/bd821bbf154b8e6c8ecffeaf0c33cebbb78eb2987476c3f6b420d67ab4c5301faa905dec99ded76ebb3a7042b4e440189ae6d85bbbd3fc6e8d493347ecda8bfe
  languageName: node
  linkType: hard

"run-parallel@npm:^1.1.9":
  version: 1.2.0
  resolution: "run-parallel@npm:1.2.0"
  dependencies:
    queue-microtask: "npm:^1.2.2"
  checksum: 10c0/200b5ab25b5b8b7113f9901bfe3afc347e19bb7475b267d55ad0eb86a62a46d77510cb0f232507c9e5d497ebda569a08a9867d0d14f57a82ad5564d991588b39
  languageName: node
  linkType: hard

"semver@npm:7.7.3":
  version: 7.7.3
  resolution: "semver@npm:7.7.3"
  bin:
    semver: bin/semver.js
  checksum: 10c0/4afe5c986567db82f44c8c6faef8fe9df2a9b1d98098fc1721f57c696c4c21cebd572f297fc21002f81889492345b8470473bc6f4aff5fb032a6ea59ea2bc45e
  languageName: node
  linkType: hard

"tinyexec@npm:^1.0.1":
  version: 1.0.2
  resolution: "tinyexec@npm:1.0.2"
  checksum: 10c0/1261a8e34c9b539a9aae3b7f0bb5372045ff28ee1eba035a2a059e532198fe1a182ec61ac60fa0b4a4129f0c4c4b1d2d57355b5cb9aa2d17ac9454ecace502ee
  languageName: node
  linkType: hard

"to-regex-range@npm:^5.0.1":
  version: 5.0.1
  resolution: "to-regex-range@npm:5.0.1"
  dependencies:
    is-number: "npm:^7.0.0"
  checksum: 10c0/487988b0a19c654ff3e1961b87f471702e708fa8a8dd02a298ef16da7206692e8552a0250e8b3e8759270f62e9d8314616f6da274734d3b558b1fc7b7724e892
  languageName: node
  linkType: hard

"ts-morph@npm:^22.0.0":
  version: 22.0.0
  resolution: "ts-morph@npm:22.0.0"
  dependencies:
    "@ts-morph/common": "npm:~0.23.0"
    code-block-writer: "npm:^13.0.1"
  checksum: 10c0/0275606effaa24f6d8ad3ee9df3bb37c0330be002682f9e9157462b38b949e00fb81e0df20f571e08a0bd06107922eb35022bad5e2fb48ca89fda4299140b5de
  languageName: node
  linkType: hard

"tunnel@npm:^0.0.6":
  version: 0.0.6
  resolution: "tunnel@npm:0.0.6"
  checksum: 10c0/e27e7e896f2426c1c747325b5f54efebc1a004647d853fad892b46d64e37591ccd0b97439470795e5262b5c0748d22beb4489a04a0a448029636670bfd801b75
  languageName: node
  linkType: hard

"typescript@npm:^5.8.3":
  version: 5.8.3
  resolution: "typescript@npm:5.8.3"
  bin:
    tsc: bin/tsc
    tsserver: bin/tsserver
  checksum: 10c0/5f8bb01196e542e64d44db3d16ee0e4063ce4f3e3966df6005f2588e86d91c03e1fb131c2581baf0fb65ee79669eea6e161cd448178986587e9f6844446dbb48
  languageName: node
  linkType: hard

"typescript@patch:typescript@npm%3A^5.8.3#optional!builtin<compat/typescript>":
  version: 5.8.3
  resolution: "typescript@patch:typescript@npm%3A5.8.3#optional!builtin<compat/typescript>::version=5.8.3&hash=5adc0c"
  bin:
    tsc: bin/tsc
    tsserver: bin/tsserver
  checksum: 10c0/92ea03509e06598948559ddcdd8a4ae5a7ab475766d5589f1b796f5731b3d631a4c7ddfb86a3bd44d58d10102b132cd4b4994dda9b63e6273c66d77d6a271dbd
  languageName: node
  linkType: hard

"undici-types@npm:~6.21.0":
  version: 6.21.0
  resolution: "undici-types@npm:6.21.0"
  checksum: 10c0/c01ed51829b10aa72fc3ce64b747f8e74ae9b60eafa19a7b46ef624403508a54c526ffab06a14a26b3120d055e1104d7abe7c9017e83ced038ea5cf52f8d5e04
  languageName: node
  linkType: hard

"undici@npm:^5.25.4":
  version: 5.29.0
  resolution: "undici@npm:5.29.0"
  dependencies:
    "@fastify/busboy": "npm:^2.0.0"
  checksum: 10c0/e4e4d631ca54ee0ad82d2e90e7798fa00a106e27e6c880687e445cc2f13b4bc87c5eba2a88c266c3eecffb18f26e227b778412da74a23acc374fca7caccec49b
  languageName: node
  linkType: hard

"uuid@npm:^8.3.2":
  version: 8.3.2
  resolution: "uuid@npm:8.3.2"
  bin:
    uuid: dist/bin/uuid
  checksum: 10c0/bcbb807a917d374a49f475fae2e87fdca7da5e5530820ef53f65ba1d12131bd81a92ecf259cc7ce317cbe0f289e7d79fdfebcef9bfa3087c8c8a2fa304c9be54
  languageName: node
  linkType: hard

"wsl-utils@npm:^0.3.0":
  version: 0.3.1
  resolution: "wsl-utils@npm:0.3.1"
  dependencies:
    is-wsl: "npm:^3.1.0"
    powershell-utils: "npm:^0.1.0"
  checksum: 10c0/b3ba99cc6b71f66457eef598d529beeb8cb57a72646877fe25993894b808c60b82f6d47df5463f0b6e54632272f62f5eaea105c12784fd09b06f500f3f53aa2e
  languageName: node
  linkType: hard
